
Microsoft Visual Studio Solution File, Format Version 12.00
Project("{FAE04EC0-301F-11D3-BF4B-00C04F79EFBC}") = "TP2", "TP2\TP2.csproj", "{4E074F5F-16A0-46AC-8041-427065FD0543}"
EndProject
Global
	GlobalSection(SolutionConfigurationPlatforms) = preSolution
		Debug|Any CPU = Debug|Any CPU
		Release|Any CPU = Release|Any CPU
	EndGlobalSection
	GlobalSection(ProjectConfigurationPlatforms) = postSolution
		{4E074F5F-16A0-46AC-8041-427065FD0543}.Debug|Any CPU.ActiveCfg = Debug|Any CPU
		{4E074F5F-16A0-46AC-8041-427065FD0543}.Debug|Any CPU.Build.0 = Debug|Any CPU
		{4E074F5F-16A0-46AC-8041-427065FD0543}.Release|Any CPU.ActiveCfg = Release|Any CPU
		{4E074F5F-16A0-46AC-8041-427065FD0543}.Release|Any CPU.Build.0 = Release|Any CPU
	EndGlobalSection
EndGlobal
